$begin 'ConnectionParameters'
	DesktopProcessID=1464
	DesktopProcessPath='C:\\Program Files\\AnsysEM\\AnsysEM18.2\\Win64\\ansysedt.exe'
	LaunchedByWB=false
	$begin 'DesktopStubBlock'
		$begin 'CommDetails'
			TransportType=1
			IPAddress='10.201.10.17'
			ListenPort='49744'
		$end 'CommDetails'
		$begin 'Marshall'
			InstanceID=503
			ProcID=1464
			InterfaceID=1
			FactoryIntID='DesktopInterfaceForWBProxyStubFactory'
		$end 'Marshall'
	$end 'DesktopStubBlock'
	$begin 'DesktopBackgroundObjStubBlock'
		$begin 'CommDetails'
			TransportType=1
			IPAddress='10.201.10.17'
			ListenPort='49744'
		$end 'CommDetails'
		$begin 'Marshall'
			InstanceID=505
			ProcID=1464
			InterfaceID=2
			FactoryIntID='DesktopInterfaceForWBProxyStubFactory'
		$end 'Marshall'
	$end 'DesktopBackgroundObjStubBlock'
$end 'ConnectionParameters'
